
Microsoft Visual Studio Solution File, Format Version 12.00
# Visual Studio 15
VisualStudioVersion = 15.0.27130.2010
MinimumVisualStudioVersion = 10.0.40219.1
Project("{FAE04EC0-301F-11D3-BF4B-00C04F79EFBC}") = "TimeKeeperAPI", "TimeKeeperAPI\TimeKeeperAPI.csproj", "{25A96971-4EB1-4100-A505-AC54FDA0C5AD}"
EndProject
Global
	GlobalSection(SolutionConfigurationPlatforms) = preSolution
		Debug|Any CPU = Debug|Any CPU
		Release|Any CPU = Release|Any CPU
	EndGlobalSection
	GlobalSection(ProjectConfigurationPlatforms) = postSolution
		{25A96971-4EB1-4100-A505-AC54FDA0C5AD}.Debug|Any CPU.ActiveCfg = Debug|Any CPU
		{25A96971-4EB1-4100-A505-AC54FDA0C5AD}.Debug|Any CPU.Build.0 = Debug|Any CPU
		{25A96971-4EB1-4100-A505-AC54FDA0C5AD}.Release|Any CPU.ActiveCfg = Release|Any CPU
		{25A96971-4EB1-4100-A505-AC54FDA0C5AD}.Release|Any CPU.Build.0 = Release|Any CPU
	EndGlobalSection
	GlobalSection(SolutionProperties) = preSolution
		HideSolutionNode = FALSE
	EndGlobalSection
	GlobalSection(ExtensibilityGlobals) = postSolution
		SolutionGuid = {D3271F57-44BB-44B4-9107-9E9C49DE5D3D}
	EndGlobalSection
EndGlobal
